
Microsoft Visual Studio Solution File, Format Version 12.00
# Visual Studio 15
VisualStudioVersion = 15.0.28307.168
MinimumVisualStudioVersion = 10.0.40219.1
Project("{FAE04EC0-301F-11D3-BF4B-00C04F79EFBC}") = "Voter.Web", "Voter.Web\Voter.Web.csproj", "{0A89E3F6-C063-46EB-BBA5-BCD1993C63AC}"
EndProject
Project("{FAE04EC0-301F-11D3-BF4B-00C04F79EFBC}") = "Voter.Core", "Voter.Core\Voter.Core.csproj", "{E0065DCD-C43B-4BAC-BEF9-499651555224}"
EndProject
Project("{2150E333-8FDC-42A3-9474-1A3956D46DE8}") = "01_MVC", "01_MVC", "{B35274EC-D7FA-40C5-9978-2DB741B0CA7D}"
EndProject
Project("{2150E333-8FDC-42A3-9474-1A3956D46DE8}") = "02_Grafika", "02_Grafika", "{0B66EE30-AFA6-40D8-9BA0-F7EB8518E37E}"
EndProject
Project("{2150E333-8FDC-42A3-9474-1A3956D46DE8}") = "03_Grafy", "03_Grafy", "{3AFBECEE-E5DF-4FA1-8C77-8454F8C511C5}"
EndProject
Project("{2150E333-8FDC-42A3-9474-1A3956D46DE8}") = "04_Komplet", "04_Komplet", "{263EBF9A-2D58-4661-B62C-0802345B22B4}"
EndProject
Project("{2150E333-8FDC-42A3-9474-1A3956D46DE8}") = "Shared", "Shared", "{D47E3CC1-7ACB-46F2-8834-903A94E39BE6}"
EndProject
Project("{FAE04EC0-301F-11D3-BF4B-00C04F79EFBC}") = "Voter.Web01", "Voter.Web01\Voter.Web01.csproj", "{2F8075D5-A53D-44D2-ABBE-FE5B68CE26A0}"
EndProject
Project("{FAE04EC0-301F-11D3-BF4B-00C04F79EFBC}") = "Voter.Web02", "Voter.Web02\Voter.Web02.csproj", "{452E5247-F678-4CF3-989A-724DA1B867FE}"
EndProject
Project("{FAE04EC0-301F-11D3-BF4B-00C04F79EFBC}") = "Voter.Web03", "Voter.Web03\Voter.Web03.csproj", "{39114786-CE0D-4827-93B3-8B162989CA3B}"
EndProject
Global
	GlobalSection(SolutionConfigurationPlatforms) = preSolution
		Debug|Any CPU = Debug|Any CPU
		Release|Any CPU = Release|Any CPU
	EndGlobalSection
	GlobalSection(ProjectConfigurationPlatforms) = postSolution
		{0A89E3F6-C063-46EB-BBA5-BCD1993C63AC}.Debug|Any CPU.ActiveCfg = Debug|Any CPU
		{0A89E3F6-C063-46EB-BBA5-BCD1993C63AC}.Debug|Any CPU.Build.0 = Debug|Any CPU
		{0A89E3F6-C063-46EB-BBA5-BCD1993C63AC}.Release|Any CPU.ActiveCfg = Release|Any CPU
		{0A89E3F6-C063-46EB-BBA5-BCD1993C63AC}.Release|Any CPU.Build.0 = Release|Any CPU
		{E0065DCD-C43B-4BAC-BEF9-499651555224}.Debug|Any CPU.ActiveCfg = Debug|Any CPU
		{E0065DCD-C43B-4BAC-BEF9-499651555224}.Debug|Any CPU.Build.0 = Debug|Any CPU
		{E0065DCD-C43B-4BAC-BEF9-499651555224}.Release|Any CPU.ActiveCfg = Release|Any CPU
		{E0065DCD-C43B-4BAC-BEF9-499651555224}.Release|Any CPU.Build.0 = Release|Any CPU
		{2F8075D5-A53D-44D2-ABBE-FE5B68CE26A0}.Debug|Any CPU.ActiveCfg = Debug|Any CPU
		{2F8075D5-A53D-44D2-ABBE-FE5B68CE26A0}.Debug|Any CPU.Build.0 = Debug|Any CPU
		{2F8075D5-A53D-44D2-ABBE-FE5B68CE26A0}.Release|Any CPU.ActiveCfg = Release|Any CPU
		{2F8075D5-A53D-44D2-ABBE-FE5B68CE26A0}.Release|Any CPU.Build.0 = Release|Any CPU
		{452E5247-F678-4CF3-989A-724DA1B867FE}.Debug|Any CPU.ActiveCfg = Debug|Any CPU
		{452E5247-F678-4CF3-989A-724DA1B867FE}.Debug|Any CPU.Build.0 = Debug|Any CPU
		{452E5247-F678-4CF3-989A-724DA1B867FE}.Release|Any CPU.ActiveCfg = Release|Any CPU
		{452E5247-F678-4CF3-989A-724DA1B867FE}.Release|Any CPU.Build.0 = Release|Any CPU
		{39114786-CE0D-4827-93B3-8B162989CA3B}.Debug|Any CPU.ActiveCfg = Debug|Any CPU
		{39114786-CE0D-4827-93B3-8B162989CA3B}.Debug|Any CPU.Build.0 = Debug|Any CPU
		{39114786-CE0D-4827-93B3-8B162989CA3B}.Release|Any CPU.ActiveCfg = Release|Any CPU
		{39114786-CE0D-4827-93B3-8B162989CA3B}.Release|Any CPU.Build.0 = Release|Any CPU
	EndGlobalSection
	GlobalSection(SolutionProperties) = preSolution
		HideSolutionNode = FALSE
	EndGlobalSection
	GlobalSection(NestedProjects) = preSolution
		{0A89E3F6-C063-46EB-BBA5-BCD1993C63AC} = {263EBF9A-2D58-4661-B62C-0802345B22B4}
		{E0065DCD-C43B-4BAC-BEF9-499651555224} = {D47E3CC1-7ACB-46F2-8834-903A94E39BE6}
		{2F8075D5-A53D-44D2-ABBE-FE5B68CE26A0} = {B35274EC-D7FA-40C5-9978-2DB741B0CA7D}
		{452E5247-F678-4CF3-989A-724DA1B867FE} = {0B66EE30-AFA6-40D8-9BA0-F7EB8518E37E}
		{39114786-CE0D-4827-93B3-8B162989CA3B} = {3AFBECEE-E5DF-4FA1-8C77-8454F8C511C5}
	EndGlobalSection
	GlobalSection(ExtensibilityGlobals) = postSolution
		SolutionGuid = {E3A92903-EDF9-42F2-A96D-76636DF00B88}
	EndGlobalSection
EndGlobal
